# This file is automatically @generated by Poetry 2.2.1 and should not be changed by hand.

[[package]]
name = "mhs-latex-gen-danilov"
version = "0.0.2"
description = ""
optional = false
python-versions = ">=3.8"
groups = ["main"]
files = [
    {file = "mhs_latex_gen_danilov-0.0.2-py3-none-any.whl", hash = "sha256:3e450cfb5677bef492a36004b18df75dc3a93f6117c6642000b147adafbed317"},
    {file = "mhs_latex_gen_danilov-0.0.2.tar.gz", hash = "sha256:620f2aba039314eeac932c5aab1ef0b9427519c295a3de94c24a855d3db936e9"},
]

[package.source]
type = "legacy"
url = "https://test.pypi.org/simple"
reference = "testpypi"

[metadata]
lock-version = "2.1"
python-versions = ">=3.8"
content-hash = "aa2e265c1fb5998e3395a23b209b97d1edc42e5fef05032b611a66119568de28"
